PODS:
  - GTMBase64 (1.0.1)
  - LTExtNSObject (0.1.0):
    - GTMBase64

DEPENDENCIES:
  - LTExtNSObject (from `../`)

SPEC REPOS:
  https://github.com/CocoaPods/Specs.git:
    - GTMBase64

EXTERNAL SOURCES:
  LTExtNSObject:
    :path: "../"

SPEC CHECKSUMS:
  GTMBase64: f0f91be06a7a20b84c8e4fee30c0430395091d82
  LTExtNSObject: c24933cf677631ad9b0393430281e6a0f840ddfd

PODFILE CHECKSUM: 67904de03eddc564706f6bcf169e356a3fc9e68c

COCOAPODS: 1.9.3
